
Microsoft Visual Studio Solution File, Format Version 12.00
# Visual Studio Version 16
VisualStudioVersion = 16.0.30907.101
MinimumVisualStudioVersion = 10.0.40219.1
Project("{9A19103F-16F7-4668-BE54-9A1E7A4F7556}") = "DiscordBot.Service", "src\DiscordBot.Service\DiscordBot.Service.csproj", "{F4092B88-FB65-4AA1-8EA8-C61DD1C40B6B}"
EndProject
Project("{9A19103F-16F7-4668-BE54-9A1E7A4F7556}") = "DiscordBot.Commands", "src\DiscordBot.Commands\DiscordBot.Commands.csproj", "{FCEE40B2-0EC6-43FF-B3FF-567A7E2AB9B8}"
EndProject
Project("{9A19103F-16F7-4668-BE54-9A1E7A4F7556}") = "DiscordBot.Core.Domain", "src\DiscordBot.Core.Domain\DiscordBot.Core.Domain.csproj", "{00BC7AB9-2015-453F-BBF2-FED01335FDFD}"
EndProject
Project("{9A19103F-16F7-4668-BE54-9A1E7A4F7556}") = "DiscordBot.Core.Constants", "src\DiscordBot.Core.Constants\DiscordBot.Core.Constants.csproj", "{B0529552-2FA9-4CD6-8620-0406C33F6BB3}"
EndProject
Project("{2150E333-8FDC-42A3-9474-1A3956D46DE8}") = "Core", "Core", "{C857C2D0-A4F3-4502-BE6A-1E777DA63941}"
EndProject
Project("{2150E333-8FDC-42A3-9474-1A3956D46DE8}") = "src", "src", "{4A1C52AE-C2B3-45A8-A518-CB9D157B2F7D}"
EndProject
Project("{2150E333-8FDC-42A3-9474-1A3956D46DE8}") = "test", "test", "{85ACDA05-CA26-4D6D-B53B-502D0D5D505C}"
EndProject
Project("{FAE04EC0-301F-11D3-BF4B-00C04F79EFBC}") = "DiscordBot.Domain", "src\DiscordBot.Domain\DiscordBot.Domain.csproj", "{02854DD3-5493-4559-925F-9023D20066A2}"
EndProject
Project("{FAE04EC0-301F-11D3-BF4B-00C04F79EFBC}") = "DiscordBot.Core", "src\DiscordBot.Core\DiscordBot.Core.csproj", "{FEE2C2D8-CC06-461F-ADE9-A7997546178B}"
EndProject
Project("{FAE04EC0-301F-11D3-BF4B-00C04F79EFBC}") = "DiscordBot.Domain.Tests.Unit", "test\DiscordBot.Domain.Tests.Unit\DiscordBot.Domain.Tests.Unit.csproj", "{DABD80EC-4BBB-4B1C-914C-67BB237D9AF4}"
EndProject
Project("{FAE04EC0-301F-11D3-BF4B-00C04F79EFBC}") = "DiscordBot.Data.Tests.Unit", "test\DiscordBot.Data.Tests.Unit\DiscordBot.Data.Tests.Unit.csproj", "{709382FA-6F40-4AB1-9317-CF3059F5DECD}"
EndProject
Project("{FAE04EC0-301F-11D3-BF4B-00C04F79EFBC}") = "DiscordBot.Tests.Core", "test\DiscordBot.Tests.Core\DiscordBot.Tests.Core.csproj", "{C91C469C-BFC7-4909-A58D-7DF91CA1AF8B}"
EndProject
Project("{FAE04EC0-301F-11D3-BF4B-00C04F79EFBC}") = "DiscordBot.Commands.Tests.Unit", "test\DiscordBot.Commands.Tests.Unit\DiscordBot.Commands.Tests.Unit.csproj", "{8122CF29-E790-4463-9DC5-5DAB9F1B3B76}"
EndProject
Project("{FAE04EC0-301F-11D3-BF4B-00C04F79EFBC}") = "DiscordBot.Data", "src\DiscordBot.Data\DiscordBot.Data.csproj", "{D259E5BA-10A4-4DD1-92EC-0655630F1F9E}"
EndProject
Global
	GlobalSection(SolutionConfigurationPlatforms) = preSolution
		Debug|Any CPU = Debug|Any CPU
		Release|Any CPU = Release|Any CPU
	EndGlobalSection
	GlobalSection(ProjectConfigurationPlatforms) = postSolution
		{F4092B88-FB65-4AA1-8EA8-C61DD1C40B6B}.Debug|Any CPU.ActiveCfg = Debug|Any CPU
		{F4092B88-FB65-4AA1-8EA8-C61DD1C40B6B}.Debug|Any CPU.Build.0 = Debug|Any CPU
		{F4092B88-FB65-4AA1-8EA8-C61DD1C40B6B}.Release|Any CPU.ActiveCfg = Release|Any CPU
		{F4092B88-FB65-4AA1-8EA8-C61DD1C40B6B}.Release|Any CPU.Build.0 = Release|Any CPU
		{FCEE40B2-0EC6-43FF-B3FF-567A7E2AB9B8}.Debug|Any CPU.ActiveCfg = Debug|Any CPU
		{FCEE40B2-0EC6-43FF-B3FF-567A7E2AB9B8}.Debug|Any CPU.Build.0 = Debug|Any CPU
		{FCEE40B2-0EC6-43FF-B3FF-567A7E2AB9B8}.Release|Any CPU.ActiveCfg = Release|Any CPU
		{FCEE40B2-0EC6-43FF-B3FF-567A7E2AB9B8}.Release|Any CPU.Build.0 = Release|Any CPU
		{00BC7AB9-2015-453F-BBF2-FED01335FDFD}.Debug|Any CPU.ActiveCfg = Debug|Any CPU
		{00BC7AB9-2015-453F-BBF2-FED01335FDFD}.Debug|Any CPU.Build.0 = Debug|Any CPU
		{00BC7AB9-2015-453F-BBF2-FED01335FDFD}.Release|Any CPU.ActiveCfg = Release|Any CPU
		{00BC7AB9-2015-453F-BBF2-FED01335FDFD}.Release|Any CPU.Build.0 = Release|Any CPU
		{B0529552-2FA9-4CD6-8620-0406C33F6BB3}.Debug|Any CPU.ActiveCfg = Debug|Any CPU
		{B0529552-2FA9-4CD6-8620-0406C33F6BB3}.Debug|Any CPU.Build.0 = Debug|Any CPU
		{B0529552-2FA9-4CD6-8620-0406C33F6BB3}.Release|Any CPU.ActiveCfg = Release|Any CPU
		{B0529552-2FA9-4CD6-8620-0406C33F6BB3}.Release|Any CPU.Build.0 = Release|Any CPU
		{02854DD3-5493-4559-925F-9023D20066A2}.Debug|Any CPU.ActiveCfg = Debug|Any CPU
		{02854DD3-5493-4559-925F-9023D20066A2}.Debug|Any CPU.Build.0 = Debug|Any CPU
		{02854DD3-5493-4559-925F-9023D20066A2}.Release|Any CPU.ActiveCfg = Release|Any CPU
		{02854DD3-5493-4559-925F-9023D20066A2}.Release|Any CPU.Build.0 = Release|Any CPU
		{FEE2C2D8-CC06-461F-ADE9-A7997546178B}.Debug|Any CPU.ActiveCfg = Debug|Any CPU
		{FEE2C2D8-CC06-461F-ADE9-A7997546178B}.Debug|Any CPU.Build.0 = Debug|Any CPU
		{FEE2C2D8-CC06-461F-ADE9-A7997546178B}.Release|Any CPU.ActiveCfg = Release|Any CPU
		{FEE2C2D8-CC06-461F-ADE9-A7997546178B}.Release|Any CPU.Build.0 = Release|Any CPU
		{DABD80EC-4BBB-4B1C-914C-67BB237D9AF4}.Debug|Any CPU.ActiveCfg = Debug|Any CPU
		{DABD80EC-4BBB-4B1C-914C-67BB237D9AF4}.Debug|Any CPU.Build.0 = Debug|Any CPU
		{DABD80EC-4BBB-4B1C-914C-67BB237D9AF4}.Release|Any CPU.ActiveCfg = Release|Any CPU
		{DABD80EC-4BBB-4B1C-914C-67BB237D9AF4}.Release|Any CPU.Build.0 = Release|Any CPU
		{709382FA-6F40-4AB1-9317-CF3059F5DECD}.Debug|Any CPU.ActiveCfg = Debug|Any CPU
		{709382FA-6F40-4AB1-9317-CF3059F5DECD}.Debug|Any CPU.Build.0 = Debug|Any CPU
		{709382FA-6F40-4AB1-9317-CF3059F5DECD}.Release|Any CPU.ActiveCfg = Release|Any CPU
		{709382FA-6F40-4AB1-9317-CF3059F5DECD}.Release|Any CPU.Build.0 = Release|Any CPU
		{C91C469C-BFC7-4909-A58D-7DF91CA1AF8B}.Debug|Any CPU.ActiveCfg = Debug|Any CPU
		{C91C469C-BFC7-4909-A58D-7DF91CA1AF8B}.Debug|Any CPU.Build.0 = Debug|Any CPU
		{C91C469C-BFC7-4909-A58D-7DF91CA1AF8B}.Release|Any CPU.ActiveCfg = Release|Any CPU
		{C91C469C-BFC7-4909-A58D-7DF91CA1AF8B}.Release|Any CPU.Build.0 = Release|Any CPU
		{8122CF29-E790-4463-9DC5-5DAB9F1B3B76}.Debug|Any CPU.ActiveCfg = Debug|Any CPU
		{8122CF29-E790-4463-9DC5-5DAB9F1B3B76}.Debug|Any CPU.Build.0 = Debug|Any CPU
		{8122CF29-E790-4463-9DC5-5DAB9F1B3B76}.Release|Any CPU.ActiveCfg = Release|Any CPU
		{8122CF29-E790-4463-9DC5-5DAB9F1B3B76}.Release|Any CPU.Build.0 = Release|Any CPU
		{D259E5BA-10A4-4DD1-92EC-0655630F1F9E}.Debug|Any CPU.ActiveCfg = Debug|Any CPU
		{D259E5BA-10A4-4DD1-92EC-0655630F1F9E}.Debug|Any CPU.Build.0 = Debug|Any CPU
		{D259E5BA-10A4-4DD1-92EC-0655630F1F9E}.Release|Any CPU.ActiveCfg = Release|Any CPU
		{D259E5BA-10A4-4DD1-92EC-0655630F1F9E}.Release|Any CPU.Build.0 = Release|Any CPU
	EndGlobalSection
	GlobalSection(SolutionProperties) = preSolution
		HideSolutionNode = FALSE
	EndGlobalSection
	GlobalSection(NestedProjects) = preSolution
		{F4092B88-FB65-4AA1-8EA8-C61DD1C40B6B} = {4A1C52AE-C2B3-45A8-A518-CB9D157B2F7D}
		{FCEE40B2-0EC6-43FF-B3FF-567A7E2AB9B8} = {4A1C52AE-C2B3-45A8-A518-CB9D157B2F7D}
		{00BC7AB9-2015-453F-BBF2-FED01335FDFD} = {C857C2D0-A4F3-4502-BE6A-1E777DA63941}
		{B0529552-2FA9-4CD6-8620-0406C33F6BB3} = {C857C2D0-A4F3-4502-BE6A-1E777DA63941}
		{C857C2D0-A4F3-4502-BE6A-1E777DA63941} = {4A1C52AE-C2B3-45A8-A518-CB9D157B2F7D}
		{02854DD3-5493-4559-925F-9023D20066A2} = {4A1C52AE-C2B3-45A8-A518-CB9D157B2F7D}
		{FEE2C2D8-CC06-461F-ADE9-A7997546178B} = {C857C2D0-A4F3-4502-BE6A-1E777DA63941}
		{DABD80EC-4BBB-4B1C-914C-67BB237D9AF4} = {85ACDA05-CA26-4D6D-B53B-502D0D5D505C}
		{709382FA-6F40-4AB1-9317-CF3059F5DECD} = {85ACDA05-CA26-4D6D-B53B-502D0D5D505C}
		{C91C469C-BFC7-4909-A58D-7DF91CA1AF8B} = {85ACDA05-CA26-4D6D-B53B-502D0D5D505C}
		{8122CF29-E790-4463-9DC5-5DAB9F1B3B76} = {85ACDA05-CA26-4D6D-B53B-502D0D5D505C}
		{D259E5BA-10A4-4DD1-92EC-0655630F1F9E} = {4A1C52AE-C2B3-45A8-A518-CB9D157B2F7D}
	EndGlobalSection
	GlobalSection(ExtensibilityGlobals) = postSolution
		SolutionGuid = {39A265F0-5D9E-4384-85EB-7651A44704DA}
	EndGlobalSection
EndGlobal
